
Microsoft Visual Studio Solution File, Format Version 12.00
# Visual Studio Version 17
VisualStudioVersion = 17.6.33712.159
MinimumVisualStudioVersion = 10.0.40219.1
Project("{FAE04EC0-301F-11D3-BF4B-00C04F79EFBC}") = "C-SharpTypesAndVariable", "C-SharpTypesAndVariable\C-SharpTypesAndVariable.csproj", "{B0432C3E-37B5-4AED-89F6-F33F552C8FEA}"
EndProject
Global
	GlobalSection(SolutionConfigurationPlatforms) = preSolution
		Debug|Any CPU = Debug|Any CPU
		Release|Any CPU = Release|Any CPU
	EndGlobalSection
	GlobalSection(ProjectConfigurationPlatforms) = postSolution
		{B0432C3E-37B5-4AED-89F6-F33F552C8FEA}.Debug|Any CPU.ActiveCfg = Debug|Any CPU
		{B0432C3E-37B5-4AED-89F6-F33F552C8FEA}.Debug|Any CPU.Build.0 = Debug|Any CPU
		{B0432C3E-37B5-4AED-89F6-F33F552C8FEA}.Release|Any CPU.ActiveCfg = Release|Any CPU
		{B0432C3E-37B5-4AED-89F6-F33F552C8FEA}.Release|Any CPU.Build.0 = Release|Any CPU
	EndGlobalSection
	GlobalSection(SolutionProperties) = preSolution
		HideSolutionNode = FALSE
	EndGlobalSection
	GlobalSection(ExtensibilityGlobals) = postSolution
		SolutionGuid = {EE990B6E-D072-4F6D-905B-45A8D0704422}
	EndGlobalSection
EndGlobal
