
Microsoft Visual Studio Solution File, Format Version 12.00
# Visual Studio Version 17
VisualStudioVersion = 17.6.33712.159
MinimumVisualStudioVersion = 10.0.40219.1
Project("{FAE04EC0-301F-11D3-BF4B-00C04F79EFBC}") = "FirstConsoleApp", "FirstConsoleApp\FirstConsoleApp.csproj", "{309CBDE4-2BFA-4A95-A8B2-5051813A6674}"
EndProject
Global
	GlobalSection(SolutionConfigurationPlatforms) = preSolution
		Debug|Any CPU = Debug|Any CPU
		Release|Any CPU = Release|Any CPU
	EndGlobalSection
	GlobalSection(ProjectConfigurationPlatforms) = postSolution
		{309CBDE4-2BFA-4A95-A8B2-5051813A6674}.Debug|Any CPU.ActiveCfg = Debug|Any CPU
		{309CBDE4-2BFA-4A95-A8B2-5051813A6674}.Debug|Any CPU.Build.0 = Debug|Any CPU
		{309CBDE4-2BFA-4A95-A8B2-5051813A6674}.Release|Any CPU.ActiveCfg = Release|Any CPU
		{309CBDE4-2BFA-4A95-A8B2-5051813A6674}.Release|Any CPU.Build.0 = Release|Any CPU
	EndGlobalSection
	GlobalSection(SolutionProperties) = preSolution
		HideSolutionNode = FALSE
	EndGlobalSection
	GlobalSection(ExtensibilityGlobals) = postSolution
		SolutionGuid = {AEBC43B1-7742-42EB-B8AF-B2931C62CBB5}
	EndGlobalSection
EndGlobal
